
Microsoft Visual Studio Solution File, Format Version 12.00
# Visual Studio Version 17
VisualStudioVersion = 17.4.33213.308
MinimumVisualStudioVersion = 10.0.40219.1
Project("{9A19103F-16F7-4668-BE54-9A1E7A4F7556}") = "Algorithme_01", "Algorithmies\Algorithme_01\Algorithme_01.csproj", "{5DFAFD9E-6BF0-4188-82FB-777A480E119A}"
EndProject
Project("{9A19103F-16F7-4668-BE54-9A1E7A4F7556}") = "Algorithme_02", "Algorithmies\Algorithme_02\Algorithme_02.csproj", "{12583708-2DDC-48C3-9854-818DC2D3F140}"
EndProject
Project("{9A19103F-16F7-4668-BE54-9A1E7A4F7556}") = "Algorithme_03", "Algorithmies\Algorithme_03\Algorithme_03.csproj", "{E9BF2854-3BC0-4217-90EB-D74C0CB55B4A}"
EndProject
Project("{9A19103F-16F7-4668-BE54-9A1E7A4F7556}") = "Algorithme_04", "Algorithmies\Algorithme_04\Algorithme_04.csproj", "{52FFAB34-2041-4984-9029-D2E61466F915}"
EndProject
Project("{9A19103F-16F7-4668-BE54-9A1E7A4F7556}") = "Algorithme_05", "Algorithmies\Algorithme_05\Algorithme_05.csproj", "{A5261393-2724-4218-925D-CB1AA346E0E2}"
EndProject
Project("{2150E333-8FDC-42A3-9474-1A3956D46DE8}") = "Algorithmies", "Algorithmies", "{6FEA2A40-CFD1-4DED-AD31-9704BE8D0B5E}"
EndProject
Project("{2150E333-8FDC-42A3-9474-1A3956D46DE8}") = "Exercices", "Exercices", "{3135E772-B5F4-4910-970D-BA5B30C3F31D}"
EndProject
Project("{9A19103F-16F7-4668-BE54-9A1E7A4F7556}") = "Exercice_01", "Exercices\Exercice_01\Exercice_01.csproj", "{EDA928FC-429F-4A58-89C9-50D92408F57F}"
EndProject
Project("{9A19103F-16F7-4668-BE54-9A1E7A4F7556}") = "Exercice_02", "Exercices\Exercice_02\Exercice_02.csproj", "{390B7F64-FA0A-40ED-8D3E-0D500F721F17}"
EndProject
Project("{9A19103F-16F7-4668-BE54-9A1E7A4F7556}") = "Exercice_03", "Exercices\Exercice_03\Exercice_03.csproj", "{0D0404C3-0B4F-4F05-8A51-61D8127F14A7}"
EndProject
Project("{9A19103F-16F7-4668-BE54-9A1E7A4F7556}") = "Exercice_04", "Exercice_04\Exercice_04.csproj", "{CD55E70D-8F77-47CC-8B30-C2605877B7E9}"
EndProject
Project("{FAE04EC0-301F-11D3-BF4B-00C04F79EFBC}") = "Exercice_05", "Exercice_05\Exercice_05.csproj", "{9F2DCC8D-5EF5-490C-AF98-C0A9F3FD0514}"
EndProject
Project("{FAE04EC0-301F-11D3-BF4B-00C04F79EFBC}") = "Exercice_06", "Exercice_06\Exercice_06.csproj", "{883F9E0D-B7A1-4C46-9C5A-E58FF7C06BFE}"
EndProject
Project("{2150E333-8FDC-42A3-9474-1A3956D46DE8}") = "WebApps", "WebApps", "{717457AF-3818-4CFF-B6D1-A9559AE096C3}"
EndProject
Project("{FAE04EC0-301F-11D3-BF4B-00C04F79EFBC}") = "WebApp_01", "WebApp_01\WebApp_01.csproj", "{C29BF7E4-6FAF-42D4-B65F-0DA5A7FFA854}"
EndProject
Global
	GlobalSection(SolutionConfigurationPlatforms) = preSolution
		Debug|Any CPU = Debug|Any CPU
		Release|Any CPU = Release|Any CPU
	EndGlobalSection
	GlobalSection(ProjectConfigurationPlatforms) = postSolution
		{5DFAFD9E-6BF0-4188-82FB-777A480E119A}.Debug|Any CPU.ActiveCfg = Debug|Any CPU
		{5DFAFD9E-6BF0-4188-82FB-777A480E119A}.Debug|Any CPU.Build.0 = Debug|Any CPU
		{5DFAFD9E-6BF0-4188-82FB-777A480E119A}.Release|Any CPU.ActiveCfg = Release|Any CPU
		{5DFAFD9E-6BF0-4188-82FB-777A480E119A}.Release|Any CPU.Build.0 = Release|Any CPU
		{12583708-2DDC-48C3-9854-818DC2D3F140}.Debug|Any CPU.ActiveCfg = Debug|Any CPU
		{12583708-2DDC-48C3-9854-818DC2D3F140}.Debug|Any CPU.Build.0 = Debug|Any CPU
		{12583708-2DDC-48C3-9854-818DC2D3F140}.Release|Any CPU.ActiveCfg = Release|Any CPU
		{12583708-2DDC-48C3-9854-818DC2D3F140}.Release|Any CPU.Build.0 = Release|Any CPU
		{E9BF2854-3BC0-4217-90EB-D74C0CB55B4A}.Debug|Any CPU.ActiveCfg = Debug|Any CPU
		{E9BF2854-3BC0-4217-90EB-D74C0CB55B4A}.Debug|Any CPU.Build.0 = Debug|Any CPU
		{E9BF2854-3BC0-4217-90EB-D74C0CB55B4A}.Release|Any CPU.ActiveCfg = Release|Any CPU
		{E9BF2854-3BC0-4217-90EB-D74C0CB55B4A}.Release|Any CPU.Build.0 = Release|Any CPU
		{52FFAB34-2041-4984-9029-D2E61466F915}.Debug|Any CPU.ActiveCfg = Debug|Any CPU
		{52FFAB34-2041-4984-9029-D2E61466F915}.Debug|Any CPU.Build.0 = Debug|Any CPU
		{52FFAB34-2041-4984-9029-D2E61466F915}.Release|Any CPU.ActiveCfg = Release|Any CPU
		{52FFAB34-2041-4984-9029-D2E61466F915}.Release|Any CPU.Build.0 = Release|Any CPU
		{A5261393-2724-4218-925D-CB1AA346E0E2}.Debug|Any CPU.ActiveCfg = Debug|Any CPU
		{A5261393-2724-4218-925D-CB1AA346E0E2}.Debug|Any CPU.Build.0 = Debug|Any CPU
		{A5261393-2724-4218-925D-CB1AA346E0E2}.Release|Any CPU.ActiveCfg = Release|Any CPU
		{A5261393-2724-4218-925D-CB1AA346E0E2}.Release|Any CPU.Build.0 = Release|Any CPU
		{EDA928FC-429F-4A58-89C9-50D92408F57F}.Debug|Any CPU.ActiveCfg = Debug|Any CPU
		{EDA928FC-429F-4A58-89C9-50D92408F57F}.Debug|Any CPU.Build.0 = Debug|Any CPU
		{EDA928FC-429F-4A58-89C9-50D92408F57F}.Release|Any CPU.ActiveCfg = Release|Any CPU
		{EDA928FC-429F-4A58-89C9-50D92408F57F}.Release|Any CPU.Build.0 = Release|Any CPU
		{390B7F64-FA0A-40ED-8D3E-0D500F721F17}.Debug|Any CPU.ActiveCfg = Debug|Any CPU
		{390B7F64-FA0A-40ED-8D3E-0D500F721F17}.Debug|Any CPU.Build.0 = Debug|Any CPU
		{390B7F64-FA0A-40ED-8D3E-0D500F721F17}.Release|Any CPU.ActiveCfg = Release|Any CPU
		{390B7F64-FA0A-40ED-8D3E-0D500F721F17}.Release|Any CPU.Build.0 = Release|Any CPU
		{0D0404C3-0B4F-4F05-8A51-61D8127F14A7}.Debug|Any CPU.ActiveCfg = Debug|Any CPU
		{0D0404C3-0B4F-4F05-8A51-61D8127F14A7}.Debug|Any CPU.Build.0 = Debug|Any CPU
		{0D0404C3-0B4F-4F05-8A51-61D8127F14A7}.Release|Any CPU.ActiveCfg = Release|Any CPU
		{0D0404C3-0B4F-4F05-8A51-61D8127F14A7}.Release|Any CPU.Build.0 = Release|Any CPU
		{CD55E70D-8F77-47CC-8B30-C2605877B7E9}.Debug|Any CPU.ActiveCfg = Debug|Any CPU
		{CD55E70D-8F77-47CC-8B30-C2605877B7E9}.Debug|Any CPU.Build.0 = Debug|Any CPU
		{CD55E70D-8F77-47CC-8B30-C2605877B7E9}.Release|Any CPU.ActiveCfg = Release|Any CPU
		{CD55E70D-8F77-47CC-8B30-C2605877B7E9}.Release|Any CPU.Build.0 = Release|Any CPU
		{9F2DCC8D-5EF5-490C-AF98-C0A9F3FD0514}.Debug|Any CPU.ActiveCfg = Debug|Any CPU
		{9F2DCC8D-5EF5-490C-AF98-C0A9F3FD0514}.Debug|Any CPU.Build.0 = Debug|Any CPU
		{9F2DCC8D-5EF5-490C-AF98-C0A9F3FD0514}.Release|Any CPU.ActiveCfg = Release|Any CPU
		{9F2DCC8D-5EF5-490C-AF98-C0A9F3FD0514}.Release|Any CPU.Build.0 = Release|Any CPU
		{883F9E0D-B7A1-4C46-9C5A-E58FF7C06BFE}.Debug|Any CPU.ActiveCfg = Debug|Any CPU
		{883F9E0D-B7A1-4C46-9C5A-E58FF7C06BFE}.Debug|Any CPU.Build.0 = Debug|Any CPU
		{883F9E0D-B7A1-4C46-9C5A-E58FF7C06BFE}.Release|Any CPU.ActiveCfg = Release|Any CPU
		{883F9E0D-B7A1-4C46-9C5A-E58FF7C06BFE}.Release|Any CPU.Build.0 = Release|Any CPU
		{C29BF7E4-6FAF-42D4-B65F-0DA5A7FFA854}.Debug|Any CPU.ActiveCfg = Debug|Any CPU
		{C29BF7E4-6FAF-42D4-B65F-0DA5A7FFA854}.Debug|Any CPU.Build.0 = Debug|Any CPU
		{C29BF7E4-6FAF-42D4-B65F-0DA5A7FFA854}.Release|Any CPU.ActiveCfg = Release|Any CPU
		{C29BF7E4-6FAF-42D4-B65F-0DA5A7FFA854}.Release|Any CPU.Build.0 = Release|Any CPU
	EndGlobalSection
	GlobalSection(SolutionProperties) = preSolution
		HideSolutionNode = FALSE
	EndGlobalSection
	GlobalSection(NestedProjects) = preSolution
		{5DFAFD9E-6BF0-4188-82FB-777A480E119A} = {6FEA2A40-CFD1-4DED-AD31-9704BE8D0B5E}
		{12583708-2DDC-48C3-9854-818DC2D3F140} = {6FEA2A40-CFD1-4DED-AD31-9704BE8D0B5E}
		{E9BF2854-3BC0-4217-90EB-D74C0CB55B4A} = {6FEA2A40-CFD1-4DED-AD31-9704BE8D0B5E}
		{52FFAB34-2041-4984-9029-D2E61466F915} = {6FEA2A40-CFD1-4DED-AD31-9704BE8D0B5E}
		{A5261393-2724-4218-925D-CB1AA346E0E2} = {6FEA2A40-CFD1-4DED-AD31-9704BE8D0B5E}
		{EDA928FC-429F-4A58-89C9-50D92408F57F} = {3135E772-B5F4-4910-970D-BA5B30C3F31D}
		{390B7F64-FA0A-40ED-8D3E-0D500F721F17} = {3135E772-B5F4-4910-970D-BA5B30C3F31D}
		{0D0404C3-0B4F-4F05-8A51-61D8127F14A7} = {3135E772-B5F4-4910-970D-BA5B30C3F31D}
		{CD55E70D-8F77-47CC-8B30-C2605877B7E9} = {3135E772-B5F4-4910-970D-BA5B30C3F31D}
		{9F2DCC8D-5EF5-490C-AF98-C0A9F3FD0514} = {3135E772-B5F4-4910-970D-BA5B30C3F31D}
		{883F9E0D-B7A1-4C46-9C5A-E58FF7C06BFE} = {3135E772-B5F4-4910-970D-BA5B30C3F31D}
		{C29BF7E4-6FAF-42D4-B65F-0DA5A7FFA854} = {717457AF-3818-4CFF-B6D1-A9559AE096C3}
	EndGlobalSection
	GlobalSection(ExtensibilityGlobals) = postSolution
		SolutionGuid = {5CF6DC28-C5A4-4C13-9B52-204DE2E0C7DC}
	EndGlobalSection
EndGlobal
